
Microsoft Visual Studio Solution File, Format Version 12.00
# Visual Studio Version 17
VisualStudioVersion = 17.0.31903.59
MinimumVisualStudioVersion = 10.0.40219.1
Project("{FAE04EC0-301F-11D3-BF4B-00C04F79EFBC}") = "WebAPI", "WebAPI\WebAPI.csproj", "{6EA8B73C-4CC3-4DA6-B8AD-D48C6BC589AD}"
EndProject
Project("{FAE04EC0-301F-11D3-BF4B-00C04F79EFBC}") = "WebMVC", "WebMVC\WebMVC.csproj", "{54ED94AC-48F6-4B22-AA52-0CD8A251C438}"
EndProject
Project("{FAE04EC0-301F-11D3-BF4B-00C04F79EFBC}") = "UnitTests", "UnitTests\UnitTests.csproj", "{3119265E-ED79-4631-A6FF-B1D56AF52BD1}"
EndProject
Project("{FAE04EC0-301F-11D3-BF4B-00C04F79EFBC}") = "CrossCutting", "CrossCutting\CrossCutting.csproj", "{0F0705DC-502B-490D-9994-3A25E763F49F}"
EndProject
Project("{FAE04EC0-301F-11D3-BF4B-00C04F79EFBC}") = "Domain", "Domain\Domain.csproj", "{16ACF270-1332-4EB9-A56D-7728BBD7D05B}"
EndProject
Project("{FAE04EC0-301F-11D3-BF4B-00C04F79EFBC}") = "Application", "Application\Application.csproj", "{3EA882DC-B73A-4F8A-900D-BE88D80BB7B4}"
EndProject
Project("{FAE04EC0-301F-11D3-BF4B-00C04F79EFBC}") = "Infrastructure", "Infrastructure\Infrastructure.csproj", "{912FE976-A620-40D6-BE5B-3E55574B4491}"
EndProject
Project("{FAE04EC0-301F-11D3-BF4B-00C04F79EFBC}") = "SharedViewModels", "SharedViewModels\SharedViewModels.csproj", "{131CEA6D-CB6B-4ED7-B1A7-421EDE6BA8D4}"
EndProject
Global
	GlobalSection(SolutionConfigurationPlatforms) = preSolution
		Debug|Any CPU = Debug|Any CPU
		Debug|x64 = Debug|x64
		Debug|x86 = Debug|x86
		Release|Any CPU = Release|Any CPU
		Release|x64 = Release|x64
		Release|x86 = Release|x86
	EndGlobalSection
	GlobalSection(ProjectConfigurationPlatforms) = postSolution
		{6EA8B73C-4CC3-4DA6-B8AD-D48C6BC589AD}.Debug|Any CPU.ActiveCfg = Debug|Any CPU
		{6EA8B73C-4CC3-4DA6-B8AD-D48C6BC589AD}.Debug|Any CPU.Build.0 = Debug|Any CPU
		{6EA8B73C-4CC3-4DA6-B8AD-D48C6BC589AD}.Debug|x64.ActiveCfg = Debug|Any CPU
		{6EA8B73C-4CC3-4DA6-B8AD-D48C6BC589AD}.Debug|x64.Build.0 = Debug|Any CPU
		{6EA8B73C-4CC3-4DA6-B8AD-D48C6BC589AD}.Debug|x86.ActiveCfg = Debug|Any CPU
		{6EA8B73C-4CC3-4DA6-B8AD-D48C6BC589AD}.Debug|x86.Build.0 = Debug|Any CPU
		{6EA8B73C-4CC3-4DA6-B8AD-D48C6BC589AD}.Release|Any CPU.ActiveCfg = Release|Any CPU
		{6EA8B73C-4CC3-4DA6-B8AD-D48C6BC589AD}.Release|Any CPU.Build.0 = Release|Any CPU
		{6EA8B73C-4CC3-4DA6-B8AD-D48C6BC589AD}.Release|x64.ActiveCfg = Release|Any CPU
		{6EA8B73C-4CC3-4DA6-B8AD-D48C6BC589AD}.Release|x64.Build.0 = Release|Any CPU
		{6EA8B73C-4CC3-4DA6-B8AD-D48C6BC589AD}.Release|x86.ActiveCfg = Release|Any CPU
		{6EA8B73C-4CC3-4DA6-B8AD-D48C6BC589AD}.Release|x86.Build.0 = Release|Any CPU
		{54ED94AC-48F6-4B22-AA52-0CD8A251C438}.Debug|Any CPU.ActiveCfg = Debug|Any CPU
		{54ED94AC-48F6-4B22-AA52-0CD8A251C438}.Debug|Any CPU.Build.0 = Debug|Any CPU
		{54ED94AC-48F6-4B22-AA52-0CD8A251C438}.Debug|x64.ActiveCfg = Debug|Any CPU
		{54ED94AC-48F6-4B22-AA52-0CD8A251C438}.Debug|x64.Build.0 = Debug|Any CPU
		{54ED94AC-48F6-4B22-AA52-0CD8A251C438}.Debug|x86.ActiveCfg = Debug|Any CPU
		{54ED94AC-48F6-4B22-AA52-0CD8A251C438}.Debug|x86.Build.0 = Debug|Any CPU
		{54ED94AC-48F6-4B22-AA52-0CD8A251C438}.Release|Any CPU.ActiveCfg = Release|Any CPU
		{54ED94AC-48F6-4B22-AA52-0CD8A251C438}.Release|Any CPU.Build.0 = Release|Any CPU
		{54ED94AC-48F6-4B22-AA52-0CD8A251C438}.Release|x64.ActiveCfg = Release|Any CPU
		{54ED94AC-48F6-4B22-AA52-0CD8A251C438}.Release|x64.Build.0 = Release|Any CPU
		{54ED94AC-48F6-4B22-AA52-0CD8A251C438}.Release|x86.ActiveCfg = Release|Any CPU
		{54ED94AC-48F6-4B22-AA52-0CD8A251C438}.Release|x86.Build.0 = Release|Any CPU
		{3119265E-ED79-4631-A6FF-B1D56AF52BD1}.Debug|Any CPU.ActiveCfg = Debug|Any CPU
		{3119265E-ED79-4631-A6FF-B1D56AF52BD1}.Debug|Any CPU.Build.0 = Debug|Any CPU
		{3119265E-ED79-4631-A6FF-B1D56AF52BD1}.Debug|x64.ActiveCfg = Debug|Any CPU
		{3119265E-ED79-4631-A6FF-B1D56AF52BD1}.Debug|x64.Build.0 = Debug|Any CPU
		{3119265E-ED79-4631-A6FF-B1D56AF52BD1}.Debug|x86.ActiveCfg = Debug|Any CPU
		{3119265E-ED79-4631-A6FF-B1D56AF52BD1}.Debug|x86.Build.0 = Debug|Any CPU
		{3119265E-ED79-4631-A6FF-B1D56AF52BD1}.Release|Any CPU.ActiveCfg = Release|Any CPU
		{3119265E-ED79-4631-A6FF-B1D56AF52BD1}.Release|Any CPU.Build.0 = Release|Any CPU
		{3119265E-ED79-4631-A6FF-B1D56AF52BD1}.Release|x64.ActiveCfg = Release|Any CPU
		{3119265E-ED79-4631-A6FF-B1D56AF52BD1}.Release|x64.Build.0 = Release|Any CPU
		{3119265E-ED79-4631-A6FF-B1D56AF52BD1}.Release|x86.ActiveCfg = Release|Any CPU
		{3119265E-ED79-4631-A6FF-B1D56AF52BD1}.Release|x86.Build.0 = Release|Any CPU
		{0F0705DC-502B-490D-9994-3A25E763F49F}.Debug|Any CPU.ActiveCfg = Debug|Any CPU
		{0F0705DC-502B-490D-9994-3A25E763F49F}.Debug|Any CPU.Build.0 = Debug|Any CPU
		{0F0705DC-502B-490D-9994-3A25E763F49F}.Debug|x64.ActiveCfg = Debug|Any CPU
		{0F0705DC-502B-490D-9994-3A25E763F49F}.Debug|x64.Build.0 = Debug|Any CPU
		{0F0705DC-502B-490D-9994-3A25E763F49F}.Debug|x86.ActiveCfg = Debug|Any CPU
		{0F0705DC-502B-490D-9994-3A25E763F49F}.Debug|x86.Build.0 = Debug|Any CPU
		{0F0705DC-502B-490D-9994-3A25E763F49F}.Release|Any CPU.ActiveCfg = Release|Any CPU
		{0F0705DC-502B-490D-9994-3A25E763F49F}.Release|Any CPU.Build.0 = Release|Any CPU
		{0F0705DC-502B-490D-9994-3A25E763F49F}.Release|x64.ActiveCfg = Release|Any CPU
		{0F0705DC-502B-490D-9994-3A25E763F49F}.Release|x64.Build.0 = Release|Any CPU
		{0F0705DC-502B-490D-9994-3A25E763F49F}.Release|x86.ActiveCfg = Release|Any CPU
		{0F0705DC-502B-490D-9994-3A25E763F49F}.Release|x86.Build.0 = Release|Any CPU
		{16ACF270-1332-4EB9-A56D-7728BBD7D05B}.Debug|Any CPU.ActiveCfg = Debug|Any CPU
		{16ACF270-1332-4EB9-A56D-7728BBD7D05B}.Debug|Any CPU.Build.0 = Debug|Any CPU
		{16ACF270-1332-4EB9-A56D-7728BBD7D05B}.Debug|x64.ActiveCfg = Debug|Any CPU
		{16ACF270-1332-4EB9-A56D-7728BBD7D05B}.Debug|x64.Build.0 = Debug|Any CPU
		{16ACF270-1332-4EB9-A56D-7728BBD7D05B}.Debug|x86.ActiveCfg = Debug|Any CPU
		{16ACF270-1332-4EB9-A56D-7728BBD7D05B}.Debug|x86.Build.0 = Debug|Any CPU
		{16ACF270-1332-4EB9-A56D-7728BBD7D05B}.Release|Any CPU.ActiveCfg = Release|Any CPU
		{16ACF270-1332-4EB9-A56D-7728BBD7D05B}.Release|Any CPU.Build.0 = Release|Any CPU
		{16ACF270-1332-4EB9-A56D-7728BBD7D05B}.Release|x64.ActiveCfg = Release|Any CPU
		{16ACF270-1332-4EB9-A56D-7728BBD7D05B}.Release|x64.Build.0 = Release|Any CPU
		{16ACF270-1332-4EB9-A56D-7728BBD7D05B}.Release|x86.ActiveCfg = Release|Any CPU
		{16ACF270-1332-4EB9-A56D-7728BBD7D05B}.Release|x86.Build.0 = Release|Any CPU
		{3EA882DC-B73A-4F8A-900D-BE88D80BB7B4}.Debug|Any CPU.ActiveCfg = Debug|Any CPU
		{3EA882DC-B73A-4F8A-900D-BE88D80BB7B4}.Debug|Any CPU.Build.0 = Debug|Any CPU
		{3EA882DC-B73A-4F8A-900D-BE88D80BB7B4}.Debug|x64.ActiveCfg = Debug|Any CPU
		{3EA882DC-B73A-4F8A-900D-BE88D80BB7B4}.Debug|x64.Build.0 = Debug|Any CPU
		{3EA882DC-B73A-4F8A-900D-BE88D80BB7B4}.Debug|x86.ActiveCfg = Debug|Any CPU
		{3EA882DC-B73A-4F8A-900D-BE88D80BB7B4}.Debug|x86.Build.0 = Debug|Any CPU
		{3EA882DC-B73A-4F8A-900D-BE88D80BB7B4}.Release|Any CPU.ActiveCfg = Release|Any CPU
		{3EA882DC-B73A-4F8A-900D-BE88D80BB7B4}.Release|Any CPU.Build.0 = Release|Any CPU
		{3EA882DC-B73A-4F8A-900D-BE88D80BB7B4}.Release|x64.ActiveCfg = Release|Any CPU
		{3EA882DC-B73A-4F8A-900D-BE88D80BB7B4}.Release|x64.Build.0 = Release|Any CPU
		{3EA882DC-B73A-4F8A-900D-BE88D80BB7B4}.Release|x86.ActiveCfg = Release|Any CPU
		{3EA882DC-B73A-4F8A-900D-BE88D80BB7B4}.Release|x86.Build.0 = Release|Any CPU
		{912FE976-A620-40D6-BE5B-3E55574B4491}.Debug|Any CPU.ActiveCfg = Debug|Any CPU
		{912FE976-A620-40D6-BE5B-3E55574B4491}.Debug|Any CPU.Build.0 = Debug|Any CPU
		{912FE976-A620-40D6-BE5B-3E55574B4491}.Debug|x64.ActiveCfg = Debug|Any CPU
		{912FE976-A620-40D6-BE5B-3E55574B4491}.Debug|x64.Build.0 = Debug|Any CPU
		{912FE976-A620-40D6-BE5B-3E55574B4491}.Debug|x86.ActiveCfg = Debug|Any CPU
		{912FE976-A620-40D6-BE5B-3E55574B4491}.Debug|x86.Build.0 = Debug|Any CPU
		{912FE976-A620-40D6-BE5B-3E55574B4491}.Release|Any CPU.ActiveCfg = Release|Any CPU
		{912FE976-A620-40D6-BE5B-3E55574B4491}.Release|Any CPU.Build.0 = Release|Any CPU
		{912FE976-A620-40D6-BE5B-3E55574B4491}.Release|x64.ActiveCfg = Release|Any CPU
		{912FE976-A620-40D6-BE5B-3E55574B4491}.Release|x64.Build.0 = Release|Any CPU
		{912FE976-A620-40D6-BE5B-3E55574B4491}.Release|x86.ActiveCfg = Release|Any CPU
		{912FE976-A620-40D6-BE5B-3E55574B4491}.Release|x86.Build.0 = Release|Any CPU
		{131CEA6D-CB6B-4ED7-B1A7-421EDE6BA8D4}.Debug|Any CPU.ActiveCfg = Debug|Any CPU
		{131CEA6D-CB6B-4ED7-B1A7-421EDE6BA8D4}.Debug|Any CPU.Build.0 = Debug|Any CPU
		{131CEA6D-CB6B-4ED7-B1A7-421EDE6BA8D4}.Debug|x64.ActiveCfg = Debug|Any CPU
		{131CEA6D-CB6B-4ED7-B1A7-421EDE6BA8D4}.Debug|x64.Build.0 = Debug|Any CPU
		{131CEA6D-CB6B-4ED7-B1A7-421EDE6BA8D4}.Debug|x86.ActiveCfg = Debug|Any CPU
		{131CEA6D-CB6B-4ED7-B1A7-421EDE6BA8D4}.Debug|x86.Build.0 = Debug|Any CPU
		{131CEA6D-CB6B-4ED7-B1A7-421EDE6BA8D4}.Release|Any CPU.ActiveCfg = Release|Any CPU
		{131CEA6D-CB6B-4ED7-B1A7-421EDE6BA8D4}.Release|Any CPU.Build.0 = Release|Any CPU
		{131CEA6D-CB6B-4ED7-B1A7-421EDE6BA8D4}.Release|x64.ActiveCfg = Release|Any CPU
		{131CEA6D-CB6B-4ED7-B1A7-421EDE6BA8D4}.Release|x64.Build.0 = Release|Any CPU
		{131CEA6D-CB6B-4ED7-B1A7-421EDE6BA8D4}.Release|x86.ActiveCfg = Release|Any CPU
		{131CEA6D-CB6B-4ED7-B1A7-421EDE6BA8D4}.Release|x86.Build.0 = Release|Any CPU
	EndGlobalSection
	GlobalSection(SolutionProperties) = preSolution
		HideSolutionNode = FALSE
	EndGlobalSection
EndGlobal
