
Microsoft Visual Studio Solution File, Format Version 12.00
# Visual Studio Version 17
VisualStudioVersion = 17.0.31903.59
MinimumVisualStudioVersion = 10.0.40219.1
Project("{FAE04EC0-301F-11D3-BF4B-00C04F79EFBC}") = "CrossCutting", "CrossCutting\CrossCutting.csproj", "{B937C9D8-339E-4135-BEC0-8D52EC405F26}"
EndProject
Project("{FAE04EC0-301F-11D3-BF4B-00C04F79EFBC}") = "SharedKernel", "SharedKernel\SharedKernel.csproj", "{D4FEEC8D-ACC4-4794-9B2D-625742BB0E09}"
EndProject
Project("{FAE04EC0-301F-11D3-BF4B-00C04F79EFBC}") = "WebSharedModels", "WebSharedModels\WebSharedModels.csproj", "{200AC98F-7BF0-4D1E-B040-D5A0EDCC0EE6}"
EndProject
Project("{FAE04EC0-301F-11D3-BF4B-00C04F79EFBC}") = "WebApi", "WebApi\WebApi.csproj", "{0E1B6FE1-B937-432C-A53C-4EBA063AB179}"
EndProject
Project("{FAE04EC0-301F-11D3-BF4B-00C04F79EFBC}") = "WebMvc", "WebMvc\WebMvc.csproj", "{E46A973A-18E5-488F-91FA-A4BF86BAA0EC}"
EndProject
Project("{2150E333-8FDC-42A3-9474-1A3956D46DE8}") = "Purchase", "Purchase", "{72706DB3-4A3E-8C06-4DA7-82ADBF30784B}"
EndProject
Project("{FAE04EC0-301F-11D3-BF4B-00C04F79EFBC}") = "Purchase.Endpoints", "Purchase\Purchase.Endpoints\Purchase.Endpoints.csproj", "{E03345C8-AD8F-4DBB-BD7A-E890DE4F6CAD}"
EndProject
Project("{FAE04EC0-301F-11D3-BF4B-00C04F79EFBC}") = "Purchase.Core", "Purchase\Purchase.Core\Purchase.Core.csproj", "{392812E3-1E9B-4D12-89DB-D46C08E63D8A}"
EndProject
Project("{FAE04EC0-301F-11D3-BF4B-00C04F79EFBC}") = "Purchase.Infrastructure", "Purchase\Purchase.Infrastructure\Purchase.Infrastructure.csproj", "{BAC60F81-7072-4658-BD3E-015EF1A73D9B}"
EndProject
Project("{2150E333-8FDC-42A3-9474-1A3956D46DE8}") = "Identity", "Identity", "{2FA89949-C014-61E3-9766-4043502A0423}"
EndProject
Project("{FAE04EC0-301F-11D3-BF4B-00C04F79EFBC}") = "Identity.Core", "Identity\Identity.Core\Identity.Core.csproj", "{067DFE68-53B6-48D5-9F5E-DC8C8C8F99BC}"
EndProject
Project("{FAE04EC0-301F-11D3-BF4B-00C04F79EFBC}") = "Identity.Infrastructure", "Identity\Identity.Infrastructure\Identity.Infrastructure.csproj", "{DCCA0772-CFF6-42C8-A206-473A54AED848}"
EndProject
Project("{FAE04EC0-301F-11D3-BF4B-00C04F79EFBC}") = "Infrastructure", "Infrastructure\Infrastructure.csproj", "{8E6EE20F-CA68-4C1E-A72D-D563C79D480E}"
EndProject
Project("{FAE04EC0-301F-11D3-BF4B-00C04F79EFBC}") = "Identity.Endpoints", "Identity\Identity.Endpoints\Identity.Endpoints.csproj", "{F83E0B4D-2602-43A9-BCF5-FC53DDA8D49E}"
EndProject
Project("{2150E333-8FDC-42A3-9474-1A3956D46DE8}") = "Catalog", "Catalog", "{50761A8C-3A0B-6B1B-86AD-17AC9E1B806D}"
EndProject
Project("{FAE04EC0-301F-11D3-BF4B-00C04F79EFBC}") = "Catalog.Domain", "Catalog\Catalog.Domain\Catalog.Domain.csproj", "{59378B6C-A85F-4ACB-9FA0-8E28B69635B8}"
EndProject
Project("{FAE04EC0-301F-11D3-BF4B-00C04F79EFBC}") = "Catalog.Application", "Catalog\Catalog.Application\Catalog.Application.csproj", "{A5F0173F-DA7E-496E-BBF8-3DA0826BB1CE}"
EndProject
Project("{FAE04EC0-301F-11D3-BF4B-00C04F79EFBC}") = "Catalog.Infrastructure", "Catalog\Catalog.Infrastructure\Catalog.Infrastructure.csproj", "{38B82BA7-67BD-4E99-8D5A-36A000412651}"
EndProject
Project("{FAE04EC0-301F-11D3-BF4B-00C04F79EFBC}") = "Catalog.Endpoints", "Catalog\Catalog.Endpoints\Catalog.Endpoints.csproj", "{14FB9D3A-082F-4EB1-B8F7-9FBFCBDB6762}"
EndProject
Project("{FAE04EC0-301F-11D3-BF4B-00C04F79EFBC}") = "Rating", "Rating\Rating.csproj", "{5843E165-893B-4AA8-9949-ECE0D93D7F1A}"
EndProject
Global
	GlobalSection(SolutionConfigurationPlatforms) = preSolution
		Debug|Any CPU = Debug|Any CPU
		Debug|x64 = Debug|x64
		Debug|x86 = Debug|x86
		Release|Any CPU = Release|Any CPU
		Release|x64 = Release|x64
		Release|x86 = Release|x86
	EndGlobalSection
	GlobalSection(ProjectConfigurationPlatforms) = postSolution
		{B937C9D8-339E-4135-BEC0-8D52EC405F26}.Debug|Any CPU.ActiveCfg = Debug|Any CPU
		{B937C9D8-339E-4135-BEC0-8D52EC405F26}.Debug|Any CPU.Build.0 = Debug|Any CPU
		{B937C9D8-339E-4135-BEC0-8D52EC405F26}.Debug|x64.ActiveCfg = Debug|Any CPU
		{B937C9D8-339E-4135-BEC0-8D52EC405F26}.Debug|x64.Build.0 = Debug|Any CPU
		{B937C9D8-339E-4135-BEC0-8D52EC405F26}.Debug|x86.ActiveCfg = Debug|Any CPU
		{B937C9D8-339E-4135-BEC0-8D52EC405F26}.Debug|x86.Build.0 = Debug|Any CPU
		{B937C9D8-339E-4135-BEC0-8D52EC405F26}.Release|Any CPU.ActiveCfg = Release|Any CPU
		{B937C9D8-339E-4135-BEC0-8D52EC405F26}.Release|Any CPU.Build.0 = Release|Any CPU
		{B937C9D8-339E-4135-BEC0-8D52EC405F26}.Release|x64.ActiveCfg = Release|Any CPU
		{B937C9D8-339E-4135-BEC0-8D52EC405F26}.Release|x64.Build.0 = Release|Any CPU
		{B937C9D8-339E-4135-BEC0-8D52EC405F26}.Release|x86.ActiveCfg = Release|Any CPU
		{B937C9D8-339E-4135-BEC0-8D52EC405F26}.Release|x86.Build.0 = Release|Any CPU
		{D4FEEC8D-ACC4-4794-9B2D-625742BB0E09}.Debug|Any CPU.ActiveCfg = Debug|Any CPU
		{D4FEEC8D-ACC4-4794-9B2D-625742BB0E09}.Debug|Any CPU.Build.0 = Debug|Any CPU
		{D4FEEC8D-ACC4-4794-9B2D-625742BB0E09}.Debug|x64.ActiveCfg = Debug|Any CPU
		{D4FEEC8D-ACC4-4794-9B2D-625742BB0E09}.Debug|x64.Build.0 = Debug|Any CPU
		{D4FEEC8D-ACC4-4794-9B2D-625742BB0E09}.Debug|x86.ActiveCfg = Debug|Any CPU
		{D4FEEC8D-ACC4-4794-9B2D-625742BB0E09}.Debug|x86.Build.0 = Debug|Any CPU
		{D4FEEC8D-ACC4-4794-9B2D-625742BB0E09}.Release|Any CPU.ActiveCfg = Release|Any CPU
		{D4FEEC8D-ACC4-4794-9B2D-625742BB0E09}.Release|Any CPU.Build.0 = Release|Any CPU
		{D4FEEC8D-ACC4-4794-9B2D-625742BB0E09}.Release|x64.ActiveCfg = Release|Any CPU
		{D4FEEC8D-ACC4-4794-9B2D-625742BB0E09}.Release|x64.Build.0 = Release|Any CPU
		{D4FEEC8D-ACC4-4794-9B2D-625742BB0E09}.Release|x86.ActiveCfg = Release|Any CPU
		{D4FEEC8D-ACC4-4794-9B2D-625742BB0E09}.Release|x86.Build.0 = Release|Any CPU
		{200AC98F-7BF0-4D1E-B040-D5A0EDCC0EE6}.Debug|Any CPU.ActiveCfg = Debug|Any CPU
		{200AC98F-7BF0-4D1E-B040-D5A0EDCC0EE6}.Debug|Any CPU.Build.0 = Debug|Any CPU
		{200AC98F-7BF0-4D1E-B040-D5A0EDCC0EE6}.Debug|x64.ActiveCfg = Debug|Any CPU
		{200AC98F-7BF0-4D1E-B040-D5A0EDCC0EE6}.Debug|x64.Build.0 = Debug|Any CPU
		{200AC98F-7BF0-4D1E-B040-D5A0EDCC0EE6}.Debug|x86.ActiveCfg = Debug|Any CPU
		{200AC98F-7BF0-4D1E-B040-D5A0EDCC0EE6}.Debug|x86.Build.0 = Debug|Any CPU
		{200AC98F-7BF0-4D1E-B040-D5A0EDCC0EE6}.Release|Any CPU.ActiveCfg = Release|Any CPU
		{200AC98F-7BF0-4D1E-B040-D5A0EDCC0EE6}.Release|Any CPU.Build.0 = Release|Any CPU
		{200AC98F-7BF0-4D1E-B040-D5A0EDCC0EE6}.Release|x64.ActiveCfg = Release|Any CPU
		{200AC98F-7BF0-4D1E-B040-D5A0EDCC0EE6}.Release|x64.Build.0 = Release|Any CPU
		{200AC98F-7BF0-4D1E-B040-D5A0EDCC0EE6}.Release|x86.ActiveCfg = Release|Any CPU
		{200AC98F-7BF0-4D1E-B040-D5A0EDCC0EE6}.Release|x86.Build.0 = Release|Any CPU
		{0E1B6FE1-B937-432C-A53C-4EBA063AB179}.Debug|Any CPU.ActiveCfg = Debug|Any CPU
		{0E1B6FE1-B937-432C-A53C-4EBA063AB179}.Debug|Any CPU.Build.0 = Debug|Any CPU
		{0E1B6FE1-B937-432C-A53C-4EBA063AB179}.Debug|x64.ActiveCfg = Debug|Any CPU
		{0E1B6FE1-B937-432C-A53C-4EBA063AB179}.Debug|x64.Build.0 = Debug|Any CPU
		{0E1B6FE1-B937-432C-A53C-4EBA063AB179}.Debug|x86.ActiveCfg = Debug|Any CPU
		{0E1B6FE1-B937-432C-A53C-4EBA063AB179}.Debug|x86.Build.0 = Debug|Any CPU
		{0E1B6FE1-B937-432C-A53C-4EBA063AB179}.Release|Any CPU.ActiveCfg = Release|Any CPU
		{0E1B6FE1-B937-432C-A53C-4EBA063AB179}.Release|Any CPU.Build.0 = Release|Any CPU
		{0E1B6FE1-B937-432C-A53C-4EBA063AB179}.Release|x64.ActiveCfg = Release|Any CPU
		{0E1B6FE1-B937-432C-A53C-4EBA063AB179}.Release|x64.Build.0 = Release|Any CPU
		{0E1B6FE1-B937-432C-A53C-4EBA063AB179}.Release|x86.ActiveCfg = Release|Any CPU
		{0E1B6FE1-B937-432C-A53C-4EBA063AB179}.Release|x86.Build.0 = Release|Any CPU
		{E46A973A-18E5-488F-91FA-A4BF86BAA0EC}.Debug|Any CPU.ActiveCfg = Debug|Any CPU
		{E46A973A-18E5-488F-91FA-A4BF86BAA0EC}.Debug|Any CPU.Build.0 = Debug|Any CPU
		{E46A973A-18E5-488F-91FA-A4BF86BAA0EC}.Debug|x64.ActiveCfg = Debug|Any CPU
		{E46A973A-18E5-488F-91FA-A4BF86BAA0EC}.Debug|x64.Build.0 = Debug|Any CPU
		{E46A973A-18E5-488F-91FA-A4BF86BAA0EC}.Debug|x86.ActiveCfg = Debug|Any CPU
		{E46A973A-18E5-488F-91FA-A4BF86BAA0EC}.Debug|x86.Build.0 = Debug|Any CPU
		{E46A973A-18E5-488F-91FA-A4BF86BAA0EC}.Release|Any CPU.ActiveCfg = Release|Any CPU
		{E46A973A-18E5-488F-91FA-A4BF86BAA0EC}.Release|Any CPU.Build.0 = Release|Any CPU
		{E46A973A-18E5-488F-91FA-A4BF86BAA0EC}.Release|x64.ActiveCfg = Release|Any CPU
		{E46A973A-18E5-488F-91FA-A4BF86BAA0EC}.Release|x64.Build.0 = Release|Any CPU
		{E46A973A-18E5-488F-91FA-A4BF86BAA0EC}.Release|x86.ActiveCfg = Release|Any CPU
		{E46A973A-18E5-488F-91FA-A4BF86BAA0EC}.Release|x86.Build.0 = Release|Any CPU
		{E03345C8-AD8F-4DBB-BD7A-E890DE4F6CAD}.Debug|Any CPU.ActiveCfg = Debug|Any CPU
		{E03345C8-AD8F-4DBB-BD7A-E890DE4F6CAD}.Debug|Any CPU.Build.0 = Debug|Any CPU
		{E03345C8-AD8F-4DBB-BD7A-E890DE4F6CAD}.Debug|x64.ActiveCfg = Debug|Any CPU
		{E03345C8-AD8F-4DBB-BD7A-E890DE4F6CAD}.Debug|x64.Build.0 = Debug|Any CPU
		{E03345C8-AD8F-4DBB-BD7A-E890DE4F6CAD}.Debug|x86.ActiveCfg = Debug|Any CPU
		{E03345C8-AD8F-4DBB-BD7A-E890DE4F6CAD}.Debug|x86.Build.0 = Debug|Any CPU
		{E03345C8-AD8F-4DBB-BD7A-E890DE4F6CAD}.Release|Any CPU.ActiveCfg = Release|Any CPU
		{E03345C8-AD8F-4DBB-BD7A-E890DE4F6CAD}.Release|Any CPU.Build.0 = Release|Any CPU
		{E03345C8-AD8F-4DBB-BD7A-E890DE4F6CAD}.Release|x64.ActiveCfg = Release|Any CPU
		{E03345C8-AD8F-4DBB-BD7A-E890DE4F6CAD}.Release|x64.Build.0 = Release|Any CPU
		{E03345C8-AD8F-4DBB-BD7A-E890DE4F6CAD}.Release|x86.ActiveCfg = Release|Any CPU
		{E03345C8-AD8F-4DBB-BD7A-E890DE4F6CAD}.Release|x86.Build.0 = Release|Any CPU
		{392812E3-1E9B-4D12-89DB-D46C08E63D8A}.Debug|Any CPU.ActiveCfg = Debug|Any CPU
		{392812E3-1E9B-4D12-89DB-D46C08E63D8A}.Debug|Any CPU.Build.0 = Debug|Any CPU
		{392812E3-1E9B-4D12-89DB-D46C08E63D8A}.Debug|x64.ActiveCfg = Debug|Any CPU
		{392812E3-1E9B-4D12-89DB-D46C08E63D8A}.Debug|x64.Build.0 = Debug|Any CPU
		{392812E3-1E9B-4D12-89DB-D46C08E63D8A}.Debug|x86.ActiveCfg = Debug|Any CPU
		{392812E3-1E9B-4D12-89DB-D46C08E63D8A}.Debug|x86.Build.0 = Debug|Any CPU
		{392812E3-1E9B-4D12-89DB-D46C08E63D8A}.Release|Any CPU.ActiveCfg = Release|Any CPU
		{392812E3-1E9B-4D12-89DB-D46C08E63D8A}.Release|Any CPU.Build.0 = Release|Any CPU
		{392812E3-1E9B-4D12-89DB-D46C08E63D8A}.Release|x64.ActiveCfg = Release|Any CPU
		{392812E3-1E9B-4D12-89DB-D46C08E63D8A}.Release|x64.Build.0 = Release|Any CPU
		{392812E3-1E9B-4D12-89DB-D46C08E63D8A}.Release|x86.ActiveCfg = Release|Any CPU
		{392812E3-1E9B-4D12-89DB-D46C08E63D8A}.Release|x86.Build.0 = Release|Any CPU
		{BAC60F81-7072-4658-BD3E-015EF1A73D9B}.Debug|Any CPU.ActiveCfg = Debug|Any CPU
		{BAC60F81-7072-4658-BD3E-015EF1A73D9B}.Debug|Any CPU.Build.0 = Debug|Any CPU
		{BAC60F81-7072-4658-BD3E-015EF1A73D9B}.Debug|x64.ActiveCfg = Debug|Any CPU
		{BAC60F81-7072-4658-BD3E-015EF1A73D9B}.Debug|x64.Build.0 = Debug|Any CPU
		{BAC60F81-7072-4658-BD3E-015EF1A73D9B}.Debug|x86.ActiveCfg = Debug|Any CPU
		{BAC60F81-7072-4658-BD3E-015EF1A73D9B}.Debug|x86.Build.0 = Debug|Any CPU
		{BAC60F81-7072-4658-BD3E-015EF1A73D9B}.Release|Any CPU.ActiveCfg = Release|Any CPU
		{BAC60F81-7072-4658-BD3E-015EF1A73D9B}.Release|Any CPU.Build.0 = Release|Any CPU
		{BAC60F81-7072-4658-BD3E-015EF1A73D9B}.Release|x64.ActiveCfg = Release|Any CPU
		{BAC60F81-7072-4658-BD3E-015EF1A73D9B}.Release|x64.Build.0 = Release|Any CPU
		{BAC60F81-7072-4658-BD3E-015EF1A73D9B}.Release|x86.ActiveCfg = Release|Any CPU
		{BAC60F81-7072-4658-BD3E-015EF1A73D9B}.Release|x86.Build.0 = Release|Any CPU
		{067DFE68-53B6-48D5-9F5E-DC8C8C8F99BC}.Debug|Any CPU.ActiveCfg = Debug|Any CPU
		{067DFE68-53B6-48D5-9F5E-DC8C8C8F99BC}.Debug|Any CPU.Build.0 = Debug|Any CPU
		{067DFE68-53B6-48D5-9F5E-DC8C8C8F99BC}.Debug|x64.ActiveCfg = Debug|Any CPU
		{067DFE68-53B6-48D5-9F5E-DC8C8C8F99BC}.Debug|x64.Build.0 = Debug|Any CPU
		{067DFE68-53B6-48D5-9F5E-DC8C8C8F99BC}.Debug|x86.ActiveCfg = Debug|Any CPU
		{067DFE68-53B6-48D5-9F5E-DC8C8C8F99BC}.Debug|x86.Build.0 = Debug|Any CPU
		{067DFE68-53B6-48D5-9F5E-DC8C8C8F99BC}.Release|Any CPU.ActiveCfg = Release|Any CPU
		{067DFE68-53B6-48D5-9F5E-DC8C8C8F99BC}.Release|Any CPU.Build.0 = Release|Any CPU
		{067DFE68-53B6-48D5-9F5E-DC8C8C8F99BC}.Release|x64.ActiveCfg = Release|Any CPU
		{067DFE68-53B6-48D5-9F5E-DC8C8C8F99BC}.Release|x64.Build.0 = Release|Any CPU
		{067DFE68-53B6-48D5-9F5E-DC8C8C8F99BC}.Release|x86.ActiveCfg = Release|Any CPU
		{067DFE68-53B6-48D5-9F5E-DC8C8C8F99BC}.Release|x86.Build.0 = Release|Any CPU
		{DCCA0772-CFF6-42C8-A206-473A54AED848}.Debug|Any CPU.ActiveCfg = Debug|Any CPU
		{DCCA0772-CFF6-42C8-A206-473A54AED848}.Debug|Any CPU.Build.0 = Debug|Any CPU
		{DCCA0772-CFF6-42C8-A206-473A54AED848}.Debug|x64.ActiveCfg = Debug|Any CPU
		{DCCA0772-CFF6-42C8-A206-473A54AED848}.Debug|x64.Build.0 = Debug|Any CPU
		{DCCA0772-CFF6-42C8-A206-473A54AED848}.Debug|x86.ActiveCfg = Debug|Any CPU
		{DCCA0772-CFF6-42C8-A206-473A54AED848}.Debug|x86.Build.0 = Debug|Any CPU
		{DCCA0772-CFF6-42C8-A206-473A54AED848}.Release|Any CPU.ActiveCfg = Release|Any CPU
		{DCCA0772-CFF6-42C8-A206-473A54AED848}.Release|Any CPU.Build.0 = Release|Any CPU
		{DCCA0772-CFF6-42C8-A206-473A54AED848}.Release|x64.ActiveCfg = Release|Any CPU
		{DCCA0772-CFF6-42C8-A206-473A54AED848}.Release|x64.Build.0 = Release|Any CPU
		{DCCA0772-CFF6-42C8-A206-473A54AED848}.Release|x86.ActiveCfg = Release|Any CPU
		{DCCA0772-CFF6-42C8-A206-473A54AED848}.Release|x86.Build.0 = Release|Any CPU
		{8E6EE20F-CA68-4C1E-A72D-D563C79D480E}.Debug|Any CPU.ActiveCfg = Debug|Any CPU
		{8E6EE20F-CA68-4C1E-A72D-D563C79D480E}.Debug|Any CPU.Build.0 = Debug|Any CPU
		{8E6EE20F-CA68-4C1E-A72D-D563C79D480E}.Debug|x64.ActiveCfg = Debug|Any CPU
		{8E6EE20F-CA68-4C1E-A72D-D563C79D480E}.Debug|x64.Build.0 = Debug|Any CPU
		{8E6EE20F-CA68-4C1E-A72D-D563C79D480E}.Debug|x86.ActiveCfg = Debug|Any CPU
		{8E6EE20F-CA68-4C1E-A72D-D563C79D480E}.Debug|x86.Build.0 = Debug|Any CPU
		{8E6EE20F-CA68-4C1E-A72D-D563C79D480E}.Release|Any CPU.ActiveCfg = Release|Any CPU
		{8E6EE20F-CA68-4C1E-A72D-D563C79D480E}.Release|Any CPU.Build.0 = Release|Any CPU
		{8E6EE20F-CA68-4C1E-A72D-D563C79D480E}.Release|x64.ActiveCfg = Release|Any CPU
		{8E6EE20F-CA68-4C1E-A72D-D563C79D480E}.Release|x64.Build.0 = Release|Any CPU
		{8E6EE20F-CA68-4C1E-A72D-D563C79D480E}.Release|x86.ActiveCfg = Release|Any CPU
		{8E6EE20F-CA68-4C1E-A72D-D563C79D480E}.Release|x86.Build.0 = Release|Any CPU
		{F83E0B4D-2602-43A9-BCF5-FC53DDA8D49E}.Debug|Any CPU.ActiveCfg = Debug|Any CPU
		{F83E0B4D-2602-43A9-BCF5-FC53DDA8D49E}.Debug|Any CPU.Build.0 = Debug|Any CPU
		{F83E0B4D-2602-43A9-BCF5-FC53DDA8D49E}.Debug|x64.ActiveCfg = Debug|Any CPU
		{F83E0B4D-2602-43A9-BCF5-FC53DDA8D49E}.Debug|x64.Build.0 = Debug|Any CPU
		{F83E0B4D-2602-43A9-BCF5-FC53DDA8D49E}.Debug|x86.ActiveCfg = Debug|Any CPU
		{F83E0B4D-2602-43A9-BCF5-FC53DDA8D49E}.Debug|x86.Build.0 = Debug|Any CPU
		{F83E0B4D-2602-43A9-BCF5-FC53DDA8D49E}.Release|Any CPU.ActiveCfg = Release|Any CPU
		{F83E0B4D-2602-43A9-BCF5-FC53DDA8D49E}.Release|Any CPU.Build.0 = Release|Any CPU
		{F83E0B4D-2602-43A9-BCF5-FC53DDA8D49E}.Release|x64.ActiveCfg = Release|Any CPU
		{F83E0B4D-2602-43A9-BCF5-FC53DDA8D49E}.Release|x64.Build.0 = Release|Any CPU
		{F83E0B4D-2602-43A9-BCF5-FC53DDA8D49E}.Release|x86.ActiveCfg = Release|Any CPU
		{F83E0B4D-2602-43A9-BCF5-FC53DDA8D49E}.Release|x86.Build.0 = Release|Any CPU
		{59378B6C-A85F-4ACB-9FA0-8E28B69635B8}.Debug|Any CPU.ActiveCfg = Debug|Any CPU
		{59378B6C-A85F-4ACB-9FA0-8E28B69635B8}.Debug|Any CPU.Build.0 = Debug|Any CPU
		{59378B6C-A85F-4ACB-9FA0-8E28B69635B8}.Debug|x64.ActiveCfg = Debug|Any CPU
		{59378B6C-A85F-4ACB-9FA0-8E28B69635B8}.Debug|x64.Build.0 = Debug|Any CPU
		{59378B6C-A85F-4ACB-9FA0-8E28B69635B8}.Debug|x86.ActiveCfg = Debug|Any CPU
		{59378B6C-A85F-4ACB-9FA0-8E28B69635B8}.Debug|x86.Build.0 = Debug|Any CPU
		{59378B6C-A85F-4ACB-9FA0-8E28B69635B8}.Release|Any CPU.ActiveCfg = Release|Any CPU
		{59378B6C-A85F-4ACB-9FA0-8E28B69635B8}.Release|Any CPU.Build.0 = Release|Any CPU
		{59378B6C-A85F-4ACB-9FA0-8E28B69635B8}.Release|x64.ActiveCfg = Release|Any CPU
		{59378B6C-A85F-4ACB-9FA0-8E28B69635B8}.Release|x64.Build.0 = Release|Any CPU
		{59378B6C-A85F-4ACB-9FA0-8E28B69635B8}.Release|x86.ActiveCfg = Release|Any CPU
		{59378B6C-A85F-4ACB-9FA0-8E28B69635B8}.Release|x86.Build.0 = Release|Any CPU
		{A5F0173F-DA7E-496E-BBF8-3DA0826BB1CE}.Debug|Any CPU.ActiveCfg = Debug|Any CPU
		{A5F0173F-DA7E-496E-BBF8-3DA0826BB1CE}.Debug|Any CPU.Build.0 = Debug|Any CPU
		{A5F0173F-DA7E-496E-BBF8-3DA0826BB1CE}.Debug|x64.ActiveCfg = Debug|Any CPU
		{A5F0173F-DA7E-496E-BBF8-3DA0826BB1CE}.Debug|x64.Build.0 = Debug|Any CPU
		{A5F0173F-DA7E-496E-BBF8-3DA0826BB1CE}.Debug|x86.ActiveCfg = Debug|Any CPU
		{A5F0173F-DA7E-496E-BBF8-3DA0826BB1CE}.Debug|x86.Build.0 = Debug|Any CPU
		{A5F0173F-DA7E-496E-BBF8-3DA0826BB1CE}.Release|Any CPU.ActiveCfg = Release|Any CPU
		{A5F0173F-DA7E-496E-BBF8-3DA0826BB1CE}.Release|Any CPU.Build.0 = Release|Any CPU
		{A5F0173F-DA7E-496E-BBF8-3DA0826BB1CE}.Release|x64.ActiveCfg = Release|Any CPU
		{A5F0173F-DA7E-496E-BBF8-3DA0826BB1CE}.Release|x64.Build.0 = Release|Any CPU
		{A5F0173F-DA7E-496E-BBF8-3DA0826BB1CE}.Release|x86.ActiveCfg = Release|Any CPU
		{A5F0173F-DA7E-496E-BBF8-3DA0826BB1CE}.Release|x86.Build.0 = Release|Any CPU
		{38B82BA7-67BD-4E99-8D5A-36A000412651}.Debug|Any CPU.ActiveCfg = Debug|Any CPU
		{38B82BA7-67BD-4E99-8D5A-36A000412651}.Debug|Any CPU.Build.0 = Debug|Any CPU
		{38B82BA7-67BD-4E99-8D5A-36A000412651}.Debug|x64.ActiveCfg = Debug|Any CPU
		{38B82BA7-67BD-4E99-8D5A-36A000412651}.Debug|x64.Build.0 = Debug|Any CPU
		{38B82BA7-67BD-4E99-8D5A-36A000412651}.Debug|x86.ActiveCfg = Debug|Any CPU
		{38B82BA7-67BD-4E99-8D5A-36A000412651}.Debug|x86.Build.0 = Debug|Any CPU
		{38B82BA7-67BD-4E99-8D5A-36A000412651}.Release|Any CPU.ActiveCfg = Release|Any CPU
		{38B82BA7-67BD-4E99-8D5A-36A000412651}.Release|Any CPU.Build.0 = Release|Any CPU
		{38B82BA7-67BD-4E99-8D5A-36A000412651}.Release|x64.ActiveCfg = Release|Any CPU
		{38B82BA7-67BD-4E99-8D5A-36A000412651}.Release|x64.Build.0 = Release|Any CPU
		{38B82BA7-67BD-4E99-8D5A-36A000412651}.Release|x86.ActiveCfg = Release|Any CPU
		{38B82BA7-67BD-4E99-8D5A-36A000412651}.Release|x86.Build.0 = Release|Any CPU
		{14FB9D3A-082F-4EB1-B8F7-9FBFCBDB6762}.Debug|Any CPU.ActiveCfg = Debug|Any CPU
		{14FB9D3A-082F-4EB1-B8F7-9FBFCBDB6762}.Debug|Any CPU.Build.0 = Debug|Any CPU
		{14FB9D3A-082F-4EB1-B8F7-9FBFCBDB6762}.Debug|x64.ActiveCfg = Debug|Any CPU
		{14FB9D3A-082F-4EB1-B8F7-9FBFCBDB6762}.Debug|x64.Build.0 = Debug|Any CPU
		{14FB9D3A-082F-4EB1-B8F7-9FBFCBDB6762}.Debug|x86.ActiveCfg = Debug|Any CPU
		{14FB9D3A-082F-4EB1-B8F7-9FBFCBDB6762}.Debug|x86.Build.0 = Debug|Any CPU
		{14FB9D3A-082F-4EB1-B8F7-9FBFCBDB6762}.Release|Any CPU.ActiveCfg = Release|Any CPU
		{14FB9D3A-082F-4EB1-B8F7-9FBFCBDB6762}.Release|Any CPU.Build.0 = Release|Any CPU
		{14FB9D3A-082F-4EB1-B8F7-9FBFCBDB6762}.Release|x64.ActiveCfg = Release|Any CPU
		{14FB9D3A-082F-4EB1-B8F7-9FBFCBDB6762}.Release|x64.Build.0 = Release|Any CPU
		{14FB9D3A-082F-4EB1-B8F7-9FBFCBDB6762}.Release|x86.ActiveCfg = Release|Any CPU
		{14FB9D3A-082F-4EB1-B8F7-9FBFCBDB6762}.Release|x86.Build.0 = Release|Any CPU
		{5843E165-893B-4AA8-9949-ECE0D93D7F1A}.Debug|Any CPU.ActiveCfg = Debug|Any CPU
		{5843E165-893B-4AA8-9949-ECE0D93D7F1A}.Debug|Any CPU.Build.0 = Debug|Any CPU
		{5843E165-893B-4AA8-9949-ECE0D93D7F1A}.Debug|x64.ActiveCfg = Debug|Any CPU
		{5843E165-893B-4AA8-9949-ECE0D93D7F1A}.Debug|x64.Build.0 = Debug|Any CPU
		{5843E165-893B-4AA8-9949-ECE0D93D7F1A}.Debug|x86.ActiveCfg = Debug|Any CPU
		{5843E165-893B-4AA8-9949-ECE0D93D7F1A}.Debug|x86.Build.0 = Debug|Any CPU
		{5843E165-893B-4AA8-9949-ECE0D93D7F1A}.Release|Any CPU.ActiveCfg = Release|Any CPU
		{5843E165-893B-4AA8-9949-ECE0D93D7F1A}.Release|Any CPU.Build.0 = Release|Any CPU
		{5843E165-893B-4AA8-9949-ECE0D93D7F1A}.Release|x64.ActiveCfg = Release|Any CPU
		{5843E165-893B-4AA8-9949-ECE0D93D7F1A}.Release|x64.Build.0 = Release|Any CPU
		{5843E165-893B-4AA8-9949-ECE0D93D7F1A}.Release|x86.ActiveCfg = Release|Any CPU
		{5843E165-893B-4AA8-9949-ECE0D93D7F1A}.Release|x86.Build.0 = Release|Any CPU
	EndGlobalSection
	GlobalSection(SolutionProperties) = preSolution
		HideSolutionNode = FALSE
	EndGlobalSection
	GlobalSection(NestedProjects) = preSolution
		{E03345C8-AD8F-4DBB-BD7A-E890DE4F6CAD} = {72706DB3-4A3E-8C06-4DA7-82ADBF30784B}
		{392812E3-1E9B-4D12-89DB-D46C08E63D8A} = {72706DB3-4A3E-8C06-4DA7-82ADBF30784B}
		{BAC60F81-7072-4658-BD3E-015EF1A73D9B} = {72706DB3-4A3E-8C06-4DA7-82ADBF30784B}
		{067DFE68-53B6-48D5-9F5E-DC8C8C8F99BC} = {2FA89949-C014-61E3-9766-4043502A0423}
		{DCCA0772-CFF6-42C8-A206-473A54AED848} = {2FA89949-C014-61E3-9766-4043502A0423}
		{F83E0B4D-2602-43A9-BCF5-FC53DDA8D49E} = {2FA89949-C014-61E3-9766-4043502A0423}
		{59378B6C-A85F-4ACB-9FA0-8E28B69635B8} = {50761A8C-3A0B-6B1B-86AD-17AC9E1B806D}
		{A5F0173F-DA7E-496E-BBF8-3DA0826BB1CE} = {50761A8C-3A0B-6B1B-86AD-17AC9E1B806D}
		{38B82BA7-67BD-4E99-8D5A-36A000412651} = {50761A8C-3A0B-6B1B-86AD-17AC9E1B806D}
		{14FB9D3A-082F-4EB1-B8F7-9FBFCBDB6762} = {50761A8C-3A0B-6B1B-86AD-17AC9E1B806D}
	EndGlobalSection
EndGlobal
